// !$*UTF8*$!
{
	archiveVersion = 1;
	classes = {
	};
	objectVersion = 48;
	objects = {

/* Begin PBXBuildFile section */
		5673E2CD203EA4C700B33B68 /* AppDelegate.m in Sources */ = {isa = PBXBuildFile; fileRef = 5673E2CC203EA4C700B33B68 /* AppDelegate.m */; };
		5673E2D0203EA4C700B33B68 /* ViewController.m in Sources */ = {isa = PBXBuildFile; fileRef = 5673E2CF203EA4C700B33B68 /* ViewController.m */; };
		5673E2D2203EA4C700B33B68 /* Assets.xcassets in Resources */ = {isa = PBXBuildFile; fileRef = 5673E2D1203EA4C700B33B68 /* Assets.xcassets */; };
		5673E2D5203EA4C700B33B68 /* Main.storyboard in Resources */ = {isa = PBXBuildFile; fileRef = 5673E2D3203EA4C700B33B68 /* Main.storyboard */; };
		5673E2D8203EA4C700B33B68 /* main.m in Sources */ = {isa = PBXBuildFile; fileRef = 5673E2D7203EA4C700B33B68 /* main.m */; };
/* End PBXBuildFile section */

/* Begin PBXFileReference section */
		5673E2C8203EA4C700B33B68 /* PROJECT_Example.app */ = {isa = PBXFileReference; explicitFileType = wrapper.application; includeInIndex = 0; path = PROJECT_Example.app; sourceTree = BUILT_PRODUCTS_DIR; };
		5673E2CB203EA4C700B33B68 /* AppDelegate.h */ = {isa = PBXFileReference; lastKnownFileType = sourcecode.c.h; path = AppDelegate.h; sourceTree = "<group>"; };
		5673E2CC203EA4C700B33B68 /* AppDelegate.m */ = {isa = PBXFileReference; lastKnownFileType = sourcecode.c.objc; path = AppDelegate.m; sourceTree = "<group>"; };
		5673E2CE203EA4C700B33B68 /* ViewController.h */ = {isa = PBXFileReference; lastKnownFileType = sourcecode.c.h; path = ViewController.h; sourceTree = "<group>"; };
		5673E2CF203EA4C700B33B68 /* ViewController.m */ = {isa = PBXFileReference; lastKnownFileType = sourcecode.c.objc; path = ViewController.m; sourceTree = "<group>"; };
		5673E2D1203EA4C700B33B68 /* Assets.xcassets */ = {isa = PBXFileReference; lastKnownFileType = folder.assetcatalog; path = Assets.xcassets; sourceTree = "<group>"; };
		5673E2D4203EA4C700B33B68 /* Base */ = {isa = PBXFileReference; lastKnownFileType = file.storyboard; name = Base; path = Base.lproj/Main.storyboard; sourceTree = "<group>"; };
		5673E2D6203EA4C700B33B68 /* Info.plist */ = {isa = PBXFileReference; lastKnownFileType = text.plist.xml; path = Info.plist; sourceTree = "<group>"; };
		5673E2D7203EA4C700B33B68 /* main.m */ = {isa = PBXFileReference; lastKnownFileType = sourcecode.c.objc; path = main.m; sourceTree = "<group>"; };
		5673E2D9203EA4C700B33B68 /* PROJECT.entitlements */ = {isa = PBXFileReference; lastKnownFileType = text.plist.entitlements; path = PROJECT.entitlements; sourceTree = "<group>"; };
/* End PBXFileReference section */

/* Begin PBXFrameworksBuildPhase section */
		5673E2C5203EA4C700B33B68 /* Frameworks */ = {
			isa = PBXFrameworksBuildPhase;
			buildActionMask = 2147483647;
			files = (
			);
			runOnlyForDeploymentPostprocessing = 0;
		};
/* End PBXFrameworksBuildPhase section */

/* Begin PBXGroup section */
		5673E2BF203EA4C600B33B68 = {
			isa = PBXGroup;
			children = (
				5673E2DF203EA53700B33B68 /* Podspec Metadata */,
				5673E2CA203EA4C700B33B68 /* PROJECT */,
				5673E2C9203EA4C700B33B68 /* Products */,
			);
			sourceTree = "<group>";
		};
		5673E2C9203EA4C700B33B68 /* Products */ = {
			isa = PBXGroup;
			children = (
				5673E2C8203EA4C700B33B68 /* PROJECT_Example.app */,
			);
			name = Products;
			sourceTree = "<group>";
		};
		5673E2CA203EA4C700B33B68 /* PROJECT */ = {
			isa = PBXGroup;
			children = (
				5673E2CB203EA4C700B33B68 /* AppDelegate.h */,
				5673E2CC203EA4C700B33B68 /* AppDelegate.m */,
				5673E2CE203EA4C700B33B68 /* ViewController.h */,
				5673E2CF203EA4C700B33B68 /* ViewController.m */,
				5673E2D1203EA4C700B33B68 /* Assets.xcassets */,
				5673E2D3203EA4C700B33B68 /* Main.storyboard */,
				5673E2D6203EA4C700B33B68 /* Info.plist */,
				5673E2D7203EA4C700B33B68 /* main.m */,
				5673E2D9203EA4C700B33B68 /* PROJECT.entitlements */,
			);
			path = PROJECT;
			sourceTree = "<group>";
		};
		5673E2DF203EA53700B33B68 /* Podspec Metadata */ = {
			isa = PBXGroup;
			children = (
			);
			name = "Podspec Metadata";
			sourceTree = "<group>";
		};
/* End PBXGroup section */

/* Begin PBXNativeTarget section */
		5673E2C7203EA4C700B33B68 /* PROJECT_Example */ = {
			isa = PBXNativeTarget;
			buildConfigurationList = 5673E2DC203EA4C700B33B68 /* Build configuration list for PBXNativeTarget "PROJECT_Example" */;
			buildPhases = (
				5673E2C4203EA4C700B33B68 /* Sources */,
				5673E2C5203EA4C700B33B68 /* Frameworks */,
				5673E2C6203EA4C700B33B68 /* Resources */,
			);
			buildRules = (
			);
			dependencies = (
			);
			name = PROJECT_Example;
			productName = PROJECT;
			productReference = 5673E2C8203EA4C700B33B68 /* PROJECT_Example.app */;
			productType = "com.apple.product-type.application";
		};
/* End PBXNativeTarget section */

/* Begin PBXProject section */
		5673E2C0203EA4C600B33B68 /* Project object */ = {
			isa = PBXProject;
			attributes = {
				LastUpgradeCheck = 0920;
				ORGANIZATIONNAME = alexiuce.github.io;
				TargetAttributes = {
					5673E2C7203EA4C700B33B68 = {
						CreatedOnToolsVersion = 9.2;
						ProvisioningStyle = Automatic;
					};
				};
			};
			buildConfigurationList = 5673E2C3203EA4C600B33B68 /* Build configuration list for PBXProject "PROJECT" */;
			compatibilityVersion = "Xcode 8.0";
			developmentRegion = en;
			hasScannedForEncodings = 0;
			knownRegions = (
				en,
				Base,
			);
			mainGroup = 5673E2BF203EA4C600B33B68;
			productRefGroup = 5673E2C9203EA4C700B33B68 /* Products */;
			projectDirPath = "";
			projectRoot = "";
			targets = (
				5673E2C7203EA4C700B33B68 /* PROJECT_Example */,
			);
		};
/* End PBXProject section */

/* Begin PBXResourcesBuildPhase section */
		5673E2C6203EA4C700B33B68 /* Resources */ = {
			isa = PBXResourcesBuildPhase;
			buildActionMask = 2147483647;
			files = (
				5673E2D2203EA4C700B33B68 /* Assets.xcassets in Resources */,
				5673E2D5203EA4C700B33B68 /* Main.storyboard in Resources */,
			);
			runOnlyForDeploymentPostprocessing = 0;
		};
/* End PBXResourcesBuildPhase section */

/* Begin PBXSourcesBuildPhase section */
		5673E2C4203EA4C700B33B68 /* Sources */ = {
			isa = PBXSourcesBuildPhase;
			buildActionMask = 2147483647;
			files = (
				5673E2D0203EA4C700B33B68 /* ViewController.m in Sources */,
				5673E2D8203EA4C700B33B68 /* main.m in Sources */,
				5673E2CD203EA4C700B33B68 /* AppDelegate.m in Sources */,
			);
			runOnlyForDeploymentPostprocessing = 0;
		};
/* End PBXSourcesBuildPhase section */

/* Begin PBXVariantGroup section */
		5673E2D3203EA4C700B33B68 /* Main.storyboard */ = {
			isa = PBXVariantGroup;
			children = (
				5673E2D4203EA4C700B33B68 /* Base */,
			);
			name = Main.storyboard;
			sourceTree = "<group>";
		};
/* End PBXVariantGroup section */

/* Begin XCBuildConfiguration section */
		5673E2DA203EA4C700B33B68 /* Debug */ = {
			isa = XCBuildConfiguration;
			buildSettings = {
				ALWAYS_SEARCH_USER_PATHS = NO;
				CLANG_ANALYZER_NONNULL = YES;
				CLANG_ANALYZER_NUMBER_OBJECT_CONVERSION = YES_AGGRESSIVE;
				CLANG_CXX_LANGUAGE_STANDARD = "gnu++14";
				CLANG_CXX_LIBRARY = "libc++";
				CLANG_ENABLE_MODULES = YES;
				CLANG_ENABLE_OBJC_ARC = YES;
				CLANG_WARN_BLOCK_CAPTURE_AUTORELEASING = YES;
				CLANG_WARN_BOOL_CONVERSION = YES;
				CLANG_WARN_COMMA = YES;
				CLANG_WARN_CONSTANT_CONVERSION = YES;
				CLANG_WARN_DIRECT_OBJC_ISA_USAGE = YES_ERROR;
				CLANG_WARN_DOCUMENTATION_COMMENTS = YES;
				CLANG_WARN_EMPTY_BODY = YES;
				CLANG_WARN_ENUM_CONVERSION = YES;
				CLANG_WARN_INFINITE_RECURSION = YES;
				CLANG_WARN_INT_CONVERSION = YES;
				CLANG_WARN_NON_LITERAL_NULL_CONVERSION = YES;
				CLANG_WARN_OBJC_LITERAL_CONVERSION = YES;
				CLANG_WARN_OBJC_ROOT_CLASS = YES_ERROR;
				CLANG_WARN_RANGE_LOOP_ANALYSIS = YES;
				CLANG_WARN_STRICT_PROTOTYPES = YES;
				CLANG_WARN_SUSPICIOUS_MOVE = YES;
				CLANG_WARN_UNGUARDED_AVAILABILITY = YES_AGGRESSIVE;
				CLANG_WARN_UNREACHABLE_CODE = YES;
				CLANG_WARN__DUPLICATE_METHOD_MATCH = YES;
				CODE_SIGN_IDENTITY = "-";
				COPY_PHASE_STRIP = NO;
				DEBUG_INFORMATION_FORMAT = dwarf;
				ENABLE_STRICT_OBJC_MSGSEND = YES;
				ENABLE_TESTABILITY = YES;
				GCC_C_LANGUAGE_STANDARD = gnu11;
				GCC_DYNAMIC_NO_PIC = NO;
				GCC_NO_COMMON_BLOCKS = YES;
				GCC_OPTIMIZATION_LEVEL = 0;
				GCC_PREPROCESSOR_DEFINITIONS = (
					"DEBUG=1",
					"$(inherited)",
				);
				GCC_WARN_64_TO_32_BIT_CONVERSION = YES;
				GCC_WARN_ABOUT_RETURN_TYPE = YES_ERROR;
				GCC_WARN_UNDECLARED_SELECTOR = YES;
				GCC_WARN_UNINITIALIZED_AUTOS = YES_AGGRESSIVE;
				GCC_WARN_UNUSED_FUNCTION = YES;
				GCC_WARN_UNUSED_VARIABLE = YES;
				MACOSX_DEPLOYMENT_TARGET = 10.13;
				MTL_ENABLE_DEBUG_INFO = YES;
				ONLY_ACTIVE_ARCH = YES;
				SDKROOT = macosx;
			};
			name = Debug;
		};
		5673E2DB203EA4C700B33B68 /* Release */ = {
			isa = XCBuildConfiguration;
			buildSettings = {
				ALWAYS_SEARCH_USER_PATHS = NO;
				CLANG_ANALYZER_NONNULL = YES;
				CLANG_ANALYZER_NUMBER_OBJECT_CONVERSION = YES_AGGRESSIVE;
				CLANG_CXX_LANGUAGE_STANDARD = "gnu++14";
				CLANG_CXX_LIBRARY = "libc++";
				CLANG_ENABLE_MODULES = YES;
				CLANG_ENABLE_OBJC_ARC = YES;
				CLANG_WARN_BLOCK_CAPTURE_AUTORELEASING = YES;
				CLANG_WARN_BOOL_CONVERSION = YES;
				CLANG_WARN_COMMA = YES;
				CLANG_WARN_CONSTANT_CONVERSION = YES;
				CLANG_WARN_DIRECT_OBJC_ISA_USAGE = YES_ERROR;
				CLANG_WARN_DOCUMENTATION_COMMENTS = YES;
				CLANG_WARN_EMPTY_BODY = YES;
				CLANG_WARN_ENUM_CONVERSION = YES;
				CLANG_WARN_INFINITE_RECURSION = YES;
				CLANG_WARN_INT_CONVERSION = YES;
				CLANG_WARN_NON_LITERAL_NULL_CONVERSION = YES;
				CLANG_WARN_OBJC_LITERAL_CONVERSION = YES;
				CLANG_WARN_OBJC_ROOT_CLASS = YES_ERROR;
				CLANG_WARN_RANGE_LOOP_ANALYSIS = YES;
				CLANG_WARN_STRICT_PROTOTYPES = YES;
				CLANG_WARN_SUSPICIOUS_MOVE = YES;
				CLANG_WARN_UNGUARDED_AVAILABILITY = YES_AGGRESSIVE;
				CLANG_WARN_UNREACHABLE_CODE = YES;
				CLANG_WARN__DUPLICATE_METHOD_MATCH = YES;
				CODE_SIGN_IDENTITY = "-";
				COPY_PHASE_STRIP = NO;
				DEBUG_INFORMATION_FORMAT = "dwarf-with-dsym";
				ENABLE_NS_ASSERTIONS = NO;
				ENABLE_STRICT_OBJC_MSGSEND = YES;
				GCC_C_LANGUAGE_STANDARD = gnu11;
				GCC_NO_COMMON_BLOCKS = YES;
				GCC_WARN_64_TO_32_BIT_CONVERSION = YES;
				GCC_WARN_ABOUT_RETURN_TYPE = YES_ERROR;
				GCC_WARN_UNDECLARED_SELECTOR = YES;
				GCC_WARN_UNINITIALIZED_AUTOS = YES_AGGRESSIVE;
				GCC_WARN_UNUSED_FUNCTION = YES;
				GCC_WARN_UNUSED_VARIABLE = YES;
				MACOSX_DEPLOYMENT_TARGET = 10.13;
				MTL_ENABLE_DEBUG_INFO = NO;
				SDKROOT = macosx;
			};
			name = Release;
		};
		5673E2DD203EA4C700B33B68 /* Debug */ = {
			isa = XCBuildConfiguration;
			buildSettings = {
				ASSETCATALOG_COMPILER_APPICON_NAME = AppIcon;
				CODE_SIGN_ENTITLEMENTS = PROJECT/PROJECT.entitlements;
				CODE_SIGN_STYLE = Automatic;
				COMBINE_HIDPI_IMAGES = YES;
				INFOPLIST_FILE = PROJECT/Info.plist;
				LD_RUNPATH_SEARCH_PATHS = "$(inherited) @executable_path/../Frameworks";
				PRODUCT_BUNDLE_IDENTIFIER = alexiuce.PROJECT;
				PRODUCT_NAME = "$(TARGET_NAME)";
			};
			name = Debug;
		};
		5673E2DE203EA4C700B33B68 /* Release */ = {
			isa = XCBuildConfiguration;
			buildSettings = {
				ASSETCATALOG_COMPILER_APPICON_NAME = AppIcon;
				CODE_SIGN_ENTITLEMENTS = PROJECT/PROJECT.entitlements;
				CODE_SIGN_STYLE = Automatic;
				COMBINE_HIDPI_IMAGES = YES;
				INFOPLIST_FILE = PROJECT/Info.plist;
				LD_RUNPATH_SEARCH_PATHS = "$(inherited) @executable_path/../Frameworks";
				PRODUCT_BUNDLE_IDENTIFIER = alexiuce.PROJECT;
				PRODUCT_NAME = "$(TARGET_NAME)";
			};
			name = Release;
		};
/* End XCBuildConfiguration section */

/* Begin XCConfigurationList section */
		5673E2C3203EA4C600B33B68 /* Build configuration list for PBXProject "PROJECT" */ = {
			isa = XCConfigurationList;
			buildConfigurations = (
				5673E2DA203EA4C700B33B68 /* Debug */,
				5673E2DB203EA4C700B33B68 /* Release */,
			);
			defaultConfigurationIsVisible = 0;
			defaultConfigurationName = Release;
		};
		5673E2DC203EA4C700B33B68 /* Build configuration list for PBXNativeTarget "PROJECT_Example" */ = {
			isa = XCConfigurationList;
			buildConfigurations = (
				5673E2DD203EA4C700B33B68 /* Debug */,
				5673E2DE203EA4C700B33B68 /* Release */,
			);
			defaultConfigurationIsVisible = 0;
			defaultConfigurationName = Release;
		};
/* End XCConfigurationList section */
	};
	rootObject = 5673E2C0203EA4C600B33B68 /* Project object */;
}
